
Microsoft Visual Studio Solution File, Format Version 12.00
# Visual Studio Version 16
VisualStudioVersion = 16.0.31613.86
MinimumVisualStudioVersion = 10.0.40219.1
Project("{FAE04EC0-301F-11D3-BF4B-00C04F79EFBC}") = "MyFirstApp3", "MyFirstApp3\MyFirstApp3.csproj", "{713EF712-0DE1-4A84-A3A2-E5E0E8320C14}"
EndProject
Global
	GlobalSection(SolutionConfigurationPlatforms) = preSolution
		Debug|Any CPU = Debug|Any CPU
		Release|Any CPU = Release|Any CPU
	EndGlobalSection
	GlobalSection(ProjectConfigurationPlatforms) = postSolution
		{713EF712-0DE1-4A84-A3A2-E5E0E8320C14}.Debug|Any CPU.ActiveCfg = Debug|Any CPU
		{713EF712-0DE1-4A84-A3A2-E5E0E8320C14}.Debug|Any CPU.Build.0 = Debug|Any CPU
		{713EF712-0DE1-4A84-A3A2-E5E0E8320C14}.Release|Any CPU.ActiveCfg = Release|Any CPU
		{713EF712-0DE1-4A84-A3A2-E5E0E8320C14}.Release|Any CPU.Build.0 = Release|Any CPU
	EndGlobalSection
	GlobalSection(SolutionProperties) = preSolution
		HideSolutionNode = FALSE
	EndGlobalSection
	GlobalSection(ExtensibilityGlobals) = postSolution
		SolutionGuid = {35BD841F-4288-428A-A70E-5916946E572D}
	EndGlobalSection
EndGlobal
